// !$*UTF8*$!
{
	archiveVersion = 1;
	classes = {
	};
	objectVersion = 46;
	objects = {

/* Begin PBXBuildFile section */
		996BE8CA1B93815800B7F4E1 /* Sound.wav in Resources */ = {isa = PBXBuildFile; fileRef = 996BE8C91B93815800B7F4E1 /* Sound.wav */; };
		99A766731AFD770E001BB1FF /* AppDelegate.swift in Sources */ = {isa = PBXBuildFile; fileRef = 99A766721AFD770E001BB1FF /* AppDelegate.swift */; };
		99A766751AFD770E001BB1FF /* ViewController.swift in Sources */ = {isa = PBXBuildFile; fileRef = 99A766741AFD770E001BB1FF /* ViewController.swift */; };
		99A766781AFD770E001BB1FF /* Main.storyboard in Resources */ = {isa = PBXBuildFile; fileRef = 99A766761AFD770E001BB1FF /* Main.storyboard */; };
		99A7667A1AFD770E001BB1FF /* Images.xcassets in Resources */ = {isa = PBXBuildFile; fileRef = 99A766791AFD770E001BB1FF /* Images.xcassets */; };
		99A7667D1AFD770E001BB1FF /* LaunchScreen.xib in Resources */ = {isa = PBXBuildFile; fileRef = 99A7667B1AFD770E001BB1FF /* LaunchScreen.xib */; };
		99A766891AFD770E001BB1FF /* TipJarAppTests.swift in Sources */ = {isa = PBXBuildFile; fileRef = 99A766881AFD770E001BB1FF /* TipJarAppTests.swift */; };
		99A766941AFD7A3C001BB1FF /* GloriaHallelujah.ttf in Resources */ = {isa = PBXBuildFile; fileRef = 99A766931AFD7A3C001BB1FF /* GloriaHallelujah.ttf */; };
		99A766961AFD8D71001BB1FF /* ResultsViewController.swift in Sources */ = {isa = PBXBuildFile; fileRef = 99A766951AFD8D71001BB1FF /* ResultsViewController.swift */; };
		99A766981AFDB3FB001BB1FF /* SettingsViewController.swift in Sources */ = {isa = PBXBuildFile; fileRef = 99A766971AFDB3FB001BB1FF /* SettingsViewController.swift */; };
/* End PBXBuildFile section */

/* Begin PBXContainerItemProxy section */
		99A766831AFD770E001BB1FF /* PBXContainerItemProxy */ = {
			isa = PBXContainerItemProxy;
			containerPortal = 99A766651AFD770E001BB1FF /* Project object */;
			proxyType = 1;
			remoteGlobalIDString = 99A7666C1AFD770E001BB1FF;
			remoteInfo = TipJarApp;
		};
/* End PBXContainerItemProxy section */

/* Begin PBXFileReference section */
		996BE8C91B93815800B7F4E1 /* Sound.wav */ = {isa = PBXFileReference; lastKnownFileType = audio.wav; path = Sound.wav; sourceTree = "<group>"; };
		99A7666D1AFD770E001BB1FF /* TipJarApp.app */ = {isa = PBXFileReference; explicitFileType = wrapper.application; includeInIndex = 0; path = TipJarApp.app; sourceTree = BUILT_PRODUCTS_DIR; };
		99A766711AFD770E001BB1FF /* Info.plist */ = {isa = PBXFileReference; lastKnownFileType = text.plist.xml; path = Info.plist; sourceTree = "<group>"; };
		99A766721AFD770E001BB1FF /* AppDelegate.swift */ = {isa = PBXFileReference; lastKnownFileType = sourcecode.swift; path = AppDelegate.swift; sourceTree = "<group>"; };
		99A766741AFD770E001BB1FF /* ViewController.swift */ = {isa = PBXFileReference; lastKnownFileType = sourcecode.swift; path = ViewController.swift; sourceTree = "<group>"; };
		99A766771AFD770E001BB1FF /* Base */ = {isa = PBXFileReference; lastKnownFileType = file.storyboard; name = Base; path = Base.lproj/Main.storyboard; sourceTree = "<group>"; };
		99A766791AFD770E001BB1FF /* Images.xcassets */ = {isa = PBXFileReference; lastKnownFileType = folder.assetcatalog; path = Images.xcassets; sourceTree = "<group>"; };
		99A7667C1AFD770E001BB1FF /* Base */ = {isa = PBXFileReference; lastKnownFileType = file.xib; name = Base; path = Base.lproj/LaunchScreen.xib; sourceTree = "<group>"; };
		99A766821AFD770E001BB1FF /* TipJarAppTests.xctest */ = {isa = PBXFileReference; explicitFileType = wrapper.cfbundle; includeInIndex = 0; path = TipJarAppTests.xctest; sourceTree = BUILT_PRODUCTS_DIR; };
		99A766871AFD770E001BB1FF /* Info.plist */ = {isa = PBXFileReference; lastKnownFileType = text.plist.xml; path = Info.plist; sourceTree = "<group>"; };
		99A766881AFD770E001BB1FF /* TipJarAppTests.swift */ = {isa = PBXFileReference; lastKnownFileType = sourcecode.swift; path = TipJarAppTests.swift; sourceTree = "<group>"; };
		99A766931AFD7A3C001BB1FF /* GloriaHallelujah.ttf */ = {isa = PBXFileReference; lastKnownFileType = file; path = GloriaHallelujah.ttf; sourceTree = "<group>"; };
		99A766951AFD8D71001BB1FF /* ResultsViewController.swift */ = {isa = PBXFileReference; fileEncoding = 4; lastKnownFileType = sourcecode.swift; path = ResultsViewController.swift; sourceTree = "<group>"; };
		99A766971AFDB3FB001BB1FF /* SettingsViewController.swift */ = {isa = PBXFileReference; fileEncoding = 4; lastKnownFileType = sourcecode.swift; path = SettingsViewController.swift; sourceTree = "<group>"; };
/* End PBXFileReference section */

/* Begin PBXFrameworksBuildPhase section */
		99A7666A1AFD770E001BB1FF /* Frameworks */ = {
			isa = PBXFrameworksBuildPhase;
			buildActionMask = 2147483647;
			files = (
			);
			runOnlyForDeploymentPostprocessing = 0;
		};
		99A7667F1AFD770E001BB1FF /* Frameworks */ = {
			isa = PBXFrameworksBuildPhase;
			buildActionMask = 2147483647;
			files = (
			);
			runOnlyForDeploymentPostprocessing = 0;
		};
/* End PBXFrameworksBuildPhase section */

/* Begin PBXGroup section */
		99A766641AFD770E001BB1FF = {
			isa = PBXGroup;
			children = (
				99A7666F1AFD770E001BB1FF /* TipJarApp */,
				99A766851AFD770E001BB1FF /* TipJarAppTests */,
				99A7666E1AFD770E001BB1FF /* Products */,
			);
			sourceTree = "<group>";
		};
		99A7666E1AFD770E001BB1FF /* Products */ = {
			isa = PBXGroup;
			children = (
				99A7666D1AFD770E001BB1FF /* TipJarApp.app */,
				99A766821AFD770E001BB1FF /* TipJarAppTests.xctest */,
			);
			name = Products;
			sourceTree = "<group>";
		};
		99A7666F1AFD770E001BB1FF /* TipJarApp */ = {
			isa = PBXGroup;
			children = (
				99A766921AFD7A25001BB1FF /* Fonts */,
				99A766721AFD770E001BB1FF /* AppDelegate.swift */,
				99A766741AFD770E001BB1FF /* ViewController.swift */,
				99A766761AFD770E001BB1FF /* Main.storyboard */,
				99A766971AFDB3FB001BB1FF /* SettingsViewController.swift */,
				99A766951AFD8D71001BB1FF /* ResultsViewController.swift */,
				99A766791AFD770E001BB1FF /* Images.xcassets */,
				99A7667B1AFD770E001BB1FF /* LaunchScreen.xib */,
				99A766701AFD770E001BB1FF /* Supporting Files */,
			);
			path = TipJarApp;
			sourceTree = "<group>";
		};
		99A766701AFD770E001BB1FF /* Supporting Files */ = {
			isa = PBXGroup;
			children = (
				996BE8C91B93815800B7F4E1 /* Sound.wav */,
				99A766711AFD770E001BB1FF /* Info.plist */,
			);
			name = "Supporting Files";
			sourceTree = "<group>";
		};
		99A766851AFD770E001BB1FF /* TipJarAppTests */ = {
			isa = PBXGroup;
			children = (
				99A766881AFD770E001BB1FF /* TipJarAppTests.swift */,
				99A766861AFD770E001BB1FF /* Supporting Files */,
			);
			path = TipJarAppTests;
			sourceTree = "<group>";
		};
		99A766861AFD770E001BB1FF /* Supporting Files */ = {
			isa = PBXGroup;
			children = (
				99A766871AFD770E001BB1FF /* Info.plist */,
			);
			name = "Supporting Files";
			sourceTree = "<group>";
		};
		99A766921AFD7A25001BB1FF /* Fonts */ = {
			isa = PBXGroup;
			children = (
				99A766931AFD7A3C001BB1FF /* GloriaHallelujah.ttf */,
			);
			name = Fonts;
			sourceTree = "<group>";
		};
/* End PBXGroup section */

/* Begin PBXNativeTarget section */
		99A7666C1AFD770E001BB1FF /* TipJarApp */ = {
			isa = PBXNativeTarget;
			buildConfigurationList = 99A7668C1AFD770E001BB1FF /* Build configuration list for PBXNativeTarget "TipJarApp" */;
			buildPhases = (
				99A766691AFD770E001BB1FF /* Sources */,
				99A7666A1AFD770E001BB1FF /* Frameworks */,
				99A7666B1AFD770E001BB1FF /* Resources */,
			);
			buildRules = (
			);
			dependencies = (
			);
			name = TipJarApp;
			productName = TipJarApp;
			productReference = 99A7666D1AFD770E001BB1FF /* TipJarApp.app */;
			productType = "com.apple.product-type.application";
		};
		99A766811AFD770E001BB1FF /* TipJarAppTests */ = {
			isa = PBXNativeTarget;
			buildConfigurationList = 99A7668F1AFD770E001BB1FF /* Build configuration list for PBXNativeTarget "TipJarAppTests" */;
			buildPhases = (
				99A7667E1AFD770E001BB1FF /* Sources */,
				99A7667F1AFD770E001BB1FF /* Frameworks */,
				99A766801AFD770E001BB1FF /* Resources */,
			);
			buildRules = (
			);
			dependencies = (
				99A766841AFD770E001BB1FF /* PBXTargetDependency */,
			);
			name = TipJarAppTests;
			productName = TipJarAppTests;
			productReference = 99A766821AFD770E001BB1FF /* TipJarAppTests.xctest */;
			productType = "com.apple.product-type.bundle.unit-test";
		};
/* End PBXNativeTarget section */

/* Begin PBXProject section */
		99A766651AFD770E001BB1FF /* Project object */ = {
			isa = PBXProject;
			attributes = {
				LastUpgradeCheck = 0630;
				ORGANIZATIONNAME = "Piedad Garnica";
				TargetAttributes = {
					99A7666C1AFD770E001BB1FF = {
						CreatedOnToolsVersion = 6.3.1;
					};
					99A766811AFD770E001BB1FF = {
						CreatedOnToolsVersion = 6.3.1;
						TestTargetID = 99A7666C1AFD770E001BB1FF;
					};
				};
			};
			buildConfigurationList = 99A766681AFD770E001BB1FF /* Build configuration list for PBXProject "TipJarApp" */;
			compatibilityVersion = "Xcode 3.2";
			developmentRegion = English;
			hasScannedForEncodings = 0;
			knownRegions = (
				en,
				Base,
			);
			mainGroup = 99A766641AFD770E001BB1FF;
			productRefGroup = 99A7666E1AFD770E001BB1FF /* Products */;
			projectDirPath = "";
			projectRoot = "";
			targets = (
				99A7666C1AFD770E001BB1FF /* TipJarApp */,
				99A766811AFD770E001BB1FF /* TipJarAppTests */,
			);
		};
/* End PBXProject section */

/* Begin PBXResourcesBuildPhase section */
		99A7666B1AFD770E001BB1FF /* Resources */ = {
			isa = PBXResourcesBuildPhase;
			buildActionMask = 2147483647;
			files = (
				99A766941AFD7A3C001BB1FF /* GloriaHallelujah.ttf in Resources */,
				99A766781AFD770E001BB1FF /* Main.storyboard in Resources */,
				996BE8CA1B93815800B7F4E1 /* Sound.wav in Resources */,
				99A7667D1AFD770E001BB1FF /* LaunchScreen.xib in Resources */,
				99A7667A1AFD770E001BB1FF /* Images.xcassets in Resources */,
			);
			runOnlyForDeploymentPostprocessing = 0;
		};
		99A766801AFD770E001BB1FF /* Resources */ = {
			isa = PBXResourcesBuildPhase;
			buildActionMask = 2147483647;
			files = (
			);
			runOnlyForDeploymentPostprocessing = 0;
		};
/* End PBXResourcesBuildPhase section */

/* Begin PBXSourcesBuildPhase section */
		99A766691AFD770E001BB1FF /* Sources */ = {
			isa = PBXSourcesBuildPhase;
			buildActionMask = 2147483647;
			files = (
				99A766751AFD770E001BB1FF /* ViewController.swift in Sources */,
				99A766731AFD770E001BB1FF /* AppDelegate.swift in Sources */,
				99A766961AFD8D71001BB1FF /* ResultsViewController.swift in Sources */,
				99A766981AFDB3FB001BB1FF /* SettingsViewController.swift in Sources */,
			);
			runOnlyForDeploymentPostprocessing = 0;
		};
		99A7667E1AFD770E001BB1FF /* Sources */ = {
			isa = PBXSourcesBuildPhase;
			buildActionMask = 2147483647;
			files = (
				99A766891AFD770E001BB1FF /* TipJarAppTests.swift in Sources */,
			);
			runOnlyForDeploymentPostprocessing = 0;
		};
/* End PBXSourcesBuildPhase section */

/* Begin PBXTargetDependency section */
		99A766841AFD770E001BB1FF /* PBXTargetDependency */ = {
			isa = PBXTargetDependency;
			target = 99A7666C1AFD770E001BB1FF /* TipJarApp */;
			targetProxy = 99A766831AFD770E001BB1FF /* PBXContainerItemProxy */;
		};
/* End PBXTargetDependency section */

/* Begin PBXVariantGroup section */
		99A766761AFD770E001BB1FF /* Main.storyboard */ = {
			isa = PBXVariantGroup;
			children = (
				99A766771AFD770E001BB1FF /* Base */,
			);
			name = Main.storyboard;
			sourceTree = "<group>";
		};
		99A7667B1AFD770E001BB1FF /* LaunchScreen.xib */ = {
			isa = PBXVariantGroup;
			children = (
				99A7667C1AFD770E001BB1FF /* Base */,
			);
			name = LaunchScreen.xib;
			sourceTree = "<group>";
		};
/* End PBXVariantGroup section */

/* Begin XCBuildConfiguration section */
		99A7668A1AFD770E001BB1FF /* Debug */ = {
			isa = XCBuildConfiguration;
			buildSettings = {
				ALWAYS_SEARCH_USER_PATHS = NO;
				CLANG_CXX_LANGUAGE_STANDARD = "gnu++0x";
				CLANG_CXX_LIBRARY = "libc++";
				CLANG_ENABLE_MODULES = YES;
				CLANG_ENABLE_OBJC_ARC = YES;
				CLANG_WARN_BOOL_CONVERSION = YES;
				CLANG_WARN_CONSTANT_CONVERSION = YES;
				CLANG_WARN_DIRECT_OBJC_ISA_USAGE = YES_ERROR;
				CLANG_WARN_EMPTY_BODY = YES;
				CLANG_WARN_ENUM_CONVERSION = YES;
				CLANG_WARN_INT_CONVERSION = YES;
				CLANG_WARN_OBJC_ROOT_CLASS = YES_ERROR;
				CLANG_WARN_UNREACHABLE_CODE = YES;
				CLANG_WARN__DUPLICATE_METHOD_MATCH = YES;
				"CODE_SIGN_IDENTITY[sdk=iphoneos*]" = "iPhone Developer";
				COPY_PHASE_STRIP = NO;
				DEBUG_INFORMATION_FORMAT = "dwarf-with-dsym";
				ENABLE_STRICT_OBJC_MSGSEND = YES;
				GCC_C_LANGUAGE_STANDARD = gnu99;
				GCC_DYNAMIC_NO_PIC = NO;
				GCC_NO_COMMON_BLOCKS = YES;
				GCC_OPTIMIZATION_LEVEL = 0;
				GCC_PREPROCESSOR_DEFINITIONS = (
					"DEBUG=1",
					"$(inherited)",
				);
				GCC_SYMBOLS_PRIVATE_EXTERN = NO;
				GCC_WARN_64_TO_32_BIT_CONVERSION = YES;
				GCC_WARN_ABOUT_RETURN_TYPE = YES_ERROR;
				GCC_WARN_UNDECLARED_SELECTOR = YES;
				GCC_WARN_UNINITIALIZED_AUTOS = YES_AGGRESSIVE;
				GCC_WARN_UNUSED_FUNCTION = YES;
				GCC_WARN_UNUSED_VARIABLE = YES;
				IPHONEOS_DEPLOYMENT_TARGET = 8.3;
				MTL_ENABLE_DEBUG_INFO = YES;
				ONLY_ACTIVE_ARCH = YES;
				SDKROOT = iphoneos;
				SWIFT_OPTIMIZATION_LEVEL = "-Onone";
			};
			name = Debug;
		};
		99A7668B1AFD770E001BB1FF /* Release */ = {
			isa = XCBuildConfiguration;
			buildSettings = {
				ALWAYS_SEARCH_USER_PATHS = NO;
				CLANG_CXX_LANGUAGE_STANDARD = "gnu++0x";
				CLANG_CXX_LIBRARY = "libc++";
				CLANG_ENABLE_MODULES = YES;
				CLANG_ENABLE_OBJC_ARC = YES;
				CLANG_WARN_BOOL_CONVERSION = YES;
				CLANG_WARN_CONSTANT_CONVERSION = YES;
				CLANG_WARN_DIRECT_OBJC_ISA_USAGE = YES_ERROR;
				CLANG_WARN_EMPTY_BODY = YES;
				CLANG_WARN_ENUM_CONVERSION = YES;
				CLANG_WARN_INT_CONVERSION = YES;
				CLANG_WARN_OBJC_ROOT_CLASS = YES_ERROR;
				CLANG_WARN_UNREACHABLE_CODE = YES;
				CLANG_WARN__DUPLICATE_METHOD_MATCH = YES;
				"CODE_SIGN_IDENTITY[sdk=iphoneos*]" = "iPhone Developer";
				COPY_PHASE_STRIP = NO;
				DEBUG_INFORMATION_FORMAT = "dwarf-with-dsym";
				ENABLE_NS_ASSERTIONS = NO;
				ENABLE_STRICT_OBJC_MSGSEND = YES;
				GCC_C_LANGUAGE_STANDARD = gnu99;
				GCC_NO_COMMON_BLOCKS = YES;
				GCC_WARN_64_TO_32_BIT_CONVERSION = YES;
				GCC_WARN_ABOUT_RETURN_TYPE = YES_ERROR;
				GCC_WARN_UNDECLARED_SELECTOR = YES;
				GCC_WARN_UNINITIALIZED_AUTOS = YES_AGGRESSIVE;
				GCC_WARN_UNUSED_FUNCTION = YES;
				GCC_WARN_UNUSED_VARIABLE = YES;
				IPHONEOS_DEPLOYMENT_TARGET = 8.3;
				MTL_ENABLE_DEBUG_INFO = NO;
				SDKROOT = iphoneos;
				VALIDATE_PRODUCT = YES;
			};
			name = Release;
		};
		99A7668D1AFD770E001BB1FF /* Debug */ = {
			isa = XCBuildConfiguration;
			buildSettings = {
				ASSETCATALOG_COMPILER_APPICON_NAME = AppIcon;
				INFOPLIST_FILE = TipJarApp/Info.plist;
				LD_RUNPATH_SEARCH_PATHS = "$(inherited) @executable_path/Frameworks";
				PRODUCT_NAME = "$(TARGET_NAME)";
			};
			name = Debug;
		};
		99A7668E1AFD770E001BB1FF /* Release */ = {
			isa = XCBuildConfiguration;
			buildSettings = {
				ASSETCATALOG_COMPILER_APPICON_NAME = AppIcon;
				INFOPLIST_FILE = TipJarApp/Info.plist;
				LD_RUNPATH_SEARCH_PATHS = "$(inherited) @executable_path/Frameworks";
				PRODUCT_NAME = "$(TARGET_NAME)";
			};
			name = Release;
		};
		99A766901AFD770E001BB1FF /* Debug */ = {
			isa = XCBuildConfiguration;
			buildSettings = {
				BUNDLE_LOADER = "$(TEST_HOST)";
				FRAMEWORK_SEARCH_PATHS = (
					"$(SDKROOT)/Developer/Library/Frameworks",
					"$(inherited)",
				);
				GCC_PREPROCESSOR_DEFINITIONS = (
					"DEBUG=1",
					"$(inherited)",
				);
				INFOPLIST_FILE = TipJarAppTests/Info.plist;
				LD_RUNPATH_SEARCH_PATHS = "$(inherited) @executable_path/Frameworks @loader_path/Frameworks";
				PRODUCT_NAME = "$(TARGET_NAME)";
				TEST_HOST = "$(BUILT_PRODUCTS_DIR)/TipJarApp.app/TipJarApp";
			};
			name = Debug;
		};
		99A766911AFD770E001BB1FF /* Release */ = {
			isa = XCBuildConfiguration;
			buildSettings = {
				BUNDLE_LOADER = "$(TEST_HOST)";
				FRAMEWORK_SEARCH_PATHS = (
					"$(SDKROOT)/Developer/Library/Frameworks",
					"$(inherited)",
				);
				INFOPLIST_FILE = TipJarAppTests/Info.plist;
				LD_RUNPATH_SEARCH_PATHS = "$(inherited) @executable_path/Frameworks @loader_path/Frameworks";
				PRODUCT_NAME = "$(TARGET_NAME)";
				TEST_HOST = "$(BUILT_PRODUCTS_DIR)/TipJarApp.app/TipJarApp";
			};
			name = Release;
		};
/* End XCBuildConfiguration section */

/* Begin XCConfigurationList section */
		99A766681AFD770E001BB1FF /* Build configuration list for PBXProject "TipJarApp" */ = {
			isa = XCConfigurationList;
			buildConfigurations = (
				99A7668A1AFD770E001BB1FF /* Debug */,
				99A7668B1AFD770E001BB1FF /* Release */,
			);
			defaultConfigurationIsVisible = 0;
			defaultConfigurationName = Release;
		};
		99A7668C1AFD770E001BB1FF /* Build configuration list for PBXNativeTarget "TipJarApp" */ = {
			isa = XCConfigurationList;
			buildConfigurations = (
				99A7668D1AFD770E001BB1FF /* Debug */,
				99A7668E1AFD770E001BB1FF /* Release */,
			);
			defaultConfigurationIsVisible = 0;
			defaultConfigurationName = Release;
		};
		99A7668F1AFD770E001BB1FF /* Build configuration list for PBXNativeTarget "TipJarAppTests" */ = {
			isa = XCConfigurationList;
			buildConfigurations = (
				99A766901AFD770E001BB1FF /* Debug */,
				99A766911AFD770E001BB1FF /* Release */,
			);
			defaultConfigurationIsVisible = 0;
			defaultConfigurationName = Release;
		};
/* End XCConfigurationList section */
	};
	rootObject = 99A766651AFD770E001BB1FF /* Project object */;
}
